
Microsoft Visual Studio Solution File, Format Version 12.00
# Visual Studio Version 17
VisualStudioVersion = 17.10.35013.160
MinimumVisualStudioVersion = 10.0.40219.1
Project("{FAE04EC0-301F-11D3-BF4B-00C04F79EFBC}") = "Html Serializer", "Html Serializer\Html Serializer.csproj", "{1F031431-002A-4D45-B311-3DF53BACF241}"
EndProject
Global
	GlobalSection(SolutionConfigurationPlatforms) = preSolution
		Debug|Any CPU = Debug|Any CPU
		Release|Any CPU = Release|Any CPU
	EndGlobalSection
	GlobalSection(ProjectConfigurationPlatforms) = postSolution
		{1F031431-002A-4D45-B311-3DF53BACF241}.Debug|Any CPU.ActiveCfg = Debug|Any CPU
		{1F031431-002A-4D45-B311-3DF53BACF241}.Debug|Any CPU.Build.0 = Debug|Any CPU
		{1F031431-002A-4D45-B311-3DF53BACF241}.Release|Any CPU.ActiveCfg = Release|Any CPU
		{1F031431-002A-4D45-B311-3DF53BACF241}.Release|Any CPU.Build.0 = Release|Any CPU
	EndGlobalSection
	GlobalSection(SolutionProperties) = preSolution
		HideSolutionNode = FALSE
	EndGlobalSection
	GlobalSection(ExtensibilityGlobals) = postSolution
		SolutionGuid = {9A80488A-B228-4BB8-8173-90994B5A60D2}
	EndGlobalSection
EndGlobal
